// !$*UTF8*$!
{
	archiveVersion = 1;
	classes = {
	};
	objectVersion = 50;
	objects = {

/* Begin PBXBuildFile section */
		B504D8EE247A8D9B000C83F6 /* Assets.xcassets in Resources */ = {isa = PBXBuildFile; fileRef = B5AC8CB72458CA65001D192F /* Assets.xcassets */; };
		B525C9192458DEE70052B4E4 /* MonitorWrapper.mm in Sources */ = {isa = PBXBuildFile; fileRef = B525C9182458DEE70052B4E4 /* MonitorWrapper.mm */; };
		B54F639B247A5E0700E7BD91 /* MonitorWrapper.mm in Sources */ = {isa = PBXBuildFile; fileRef = B525C9182458DEE70052B4E4 /* MonitorWrapper.mm */; };
		B54F639C247A5E0D00E7BD91 /* StopLocation.mm in Sources */ = {isa = PBXBuildFile; fileRef = B5CF3F7E245C46E20075347D /* StopLocation.mm */; };
		B54F639D247A5E1000E7BD91 /* Departure.mm in Sources */ = {isa = PBXBuildFile; fileRef = B56181D92466C37B00AA222E /* Departure.mm */; };
		B56181DA2466C37B00AA222E /* Departure.mm in Sources */ = {isa = PBXBuildFile; fileRef = B56181D92466C37B00AA222E /* Departure.mm */; };
		B5723006245F22BF000A04E7 /* LocationDetailsViewController.mm in Sources */ = {isa = PBXBuildFile; fileRef = B5723004245F22BE000A04E7 /* LocationDetailsViewController.mm */; };
		B57C2A982476AFE50047179B /* DepartureCell.mm in Sources */ = {isa = PBXBuildFile; fileRef = B57C2A972476AFE50047179B /* DepartureCell.mm */; };
		B5AC8CB02458CA64001D192F /* AppDelegate.mm in Sources */ = {isa = PBXBuildFile; fileRef = B5AC8CAF2458CA64001D192F /* AppDelegate.mm */; };
		B5AC8CB32458CA64001D192F /* ViewController.mm in Sources */ = {isa = PBXBuildFile; fileRef = B5AC8CB22458CA64001D192F /* ViewController.mm */; };
		B5AC8CB82458CA65001D192F /* Assets.xcassets in Resources */ = {isa = PBXBuildFile; fileRef = B5AC8CB72458CA65001D192F /* Assets.xcassets */; };
		B5AC8CBB2458CA65001D192F /* LaunchScreen.storyboard in Resources */ = {isa = PBXBuildFile; fileRef = B5AC8CB92458CA65001D192F /* LaunchScreen.storyboard */; };
		B5AC8CBE2458CA65001D192F /* main.m in Sources */ = {isa = PBXBuildFile; fileRef = B5AC8CBD2458CA65001D192F /* main.m */; };
		B5AC8CC82458CA65001D192F /* BusMonitorTests.m in Sources */ = {isa = PBXBuildFile; fileRef = B5AC8CC72458CA65001D192F /* BusMonitorTests.m */; };
		B5AC8CD32458CA65001D192F /* BusMonitorUITests.m in Sources */ = {isa = PBXBuildFile; fileRef = B5AC8CD22458CA65001D192F /* BusMonitorUITests.m */; };
		B5AC8CE72458CAAA001D192F /* NotificationCenter.framework in Frameworks */ = {isa = PBXBuildFile; fileRef = B5AC8CE62458CAAA001D192F /* NotificationCenter.framework */; };
		B5AC8CEB2458CAAA001D192F /* TodayViewController.mm in Sources */ = {isa = PBXBuildFile; fileRef = B5AC8CEA2458CAAA001D192F /* TodayViewController.mm */; };
		B5AC8CEE2458CAAA001D192F /* MainInterface.storyboard in Resources */ = {isa = PBXBuildFile; fileRef = B5AC8CEC2458CAAA001D192F /* MainInterface.storyboard */; };
		B5AC8CF22458CAAA001D192F /* BusMonitorWidget.appex in Embed App Extensions */ = {isa = PBXBuildFile; fileRef = B5AC8CE42458CAAA001D192F /* BusMonitorWidget.appex */; settings = {ATTRIBUTES = (RemoveHeadersOnCopy, ); }; };
		B5B114C3247693CA003154DD /* InsetLabel.mm in Sources */ = {isa = PBXBuildFile; fileRef = B5B114C2247693CA003154DD /* InsetLabel.mm */; };
		B5B84E24247ABD4500C3298D /* DepartureCell.mm in Sources */ = {isa = PBXBuildFile; fileRef = B57C2A972476AFE50047179B /* DepartureCell.mm */; };
		B5B84E26247ABFF500C3298D /* UIKit.framework in Frameworks */ = {isa = PBXBuildFile; fileRef = B5B84E25247ABFF500C3298D /* UIKit.framework */; };
		B5B84E27247AC35B00C3298D /* InsetLabel.mm in Sources */ = {isa = PBXBuildFile; fileRef = B5B114C2247693CA003154DD /* InsetLabel.mm */; };
		B5CF3F7F245C46E20075347D /* StopLocation.mm in Sources */ = {isa = PBXBuildFile; fileRef = B5CF3F7E245C46E20075347D /* StopLocation.mm */; };
		B5D36AC7246359FB00942BD2 /* FavoritesViewController.mm in Sources */ = {isa = PBXBuildFile; fileRef = B5D36AC6246359FB00942BD2 /* FavoritesViewController.mm */; };
		B5F44487245F21BF00160CEA /* Main.storyboard in Resources */ = {isa = PBXBuildFile; fileRef = B5AC8CB42458CA64001D192F /* Main.storyboard */; };
/* End PBXBuildFile section */

/* Begin PBXContainerItemProxy section */
		B5AC8CC42458CA65001D192F /* PBXContainerItemProxy */ = {
			isa = PBXContainerItemProxy;
			containerPortal = B5AC8CA32458CA64001D192F /* Project object */;
			proxyType = 1;
			remoteGlobalIDString = B5AC8CAA2458CA64001D192F;
			remoteInfo = BusMonitor;
		};
		B5AC8CCF2458CA65001D192F /* PBXContainerItemProxy */ = {
			isa = PBXContainerItemProxy;
			containerPortal = B5AC8CA32458CA64001D192F /* Project object */;
			proxyType = 1;
			remoteGlobalIDString = B5AC8CAA2458CA64001D192F;
			remoteInfo = BusMonitor;
		};
		B5AC8CF02458CAAA001D192F /* PBXContainerItemProxy */ = {
			isa = PBXContainerItemProxy;
			containerPortal = B5AC8CA32458CA64001D192F /* Project object */;
			proxyType = 1;
			remoteGlobalIDString = B5AC8CE32458CAAA001D192F;
			remoteInfo = BusMonitorWidget;
		};
/* End PBXContainerItemProxy section */

/* Begin PBXCopyFilesBuildPhase section */
		B5AC8CF62458CAAA001D192F /* Embed App Extensions */ = {
			isa = PBXCopyFilesBuildPhase;
			buildActionMask = 2147483647;
			dstPath = "";
			dstSubfolderSpec = 13;
			files = (
				B5AC8CF22458CAAA001D192F /* BusMonitorWidget.appex in Embed App Extensions */,
			);
			name = "Embed App Extensions";
			runOnlyForDeploymentPostprocessing = 0;
		};
/* End PBXCopyFilesBuildPhase section */

/* Begin PBXFileReference section */
		B525C9172458DEE60052B4E4 /* MonitorWrapper.h */ = {isa = PBXFileReference; fileEncoding = 4; lastKnownFileType = sourcecode.c.h; path = MonitorWrapper.h; sourceTree = "<group>"; };
		B525C9182458DEE70052B4E4 /* MonitorWrapper.mm */ = {isa = PBXFileReference; fileEncoding = 4; lastKnownFileType = sourcecode.cpp.objcpp; path = MonitorWrapper.mm; sourceTree = "<group>"; };
		B547DE382458D2FF0039F6B3 /* BusMonitorWidget.entitlements */ = {isa = PBXFileReference; lastKnownFileType = text.plist.entitlements; path = BusMonitorWidget.entitlements; sourceTree = "<group>"; };
		B56181D92466C37B00AA222E /* Departure.mm */ = {isa = PBXFileReference; explicitFileType = sourcecode.cpp.objcpp; path = Departure.mm; sourceTree = "<group>"; };
		B56181DB2466C39500AA222E /* Departure.h */ = {isa = PBXFileReference; lastKnownFileType = sourcecode.c.h; path = Departure.h; sourceTree = "<group>"; };
		B5723004245F22BE000A04E7 /* LocationDetailsViewController.mm */ = {isa = PBXFileReference; fileEncoding = 4; lastKnownFileType = sourcecode.cpp.objcpp; path = LocationDetailsViewController.mm; sourceTree = "<group>"; };
		B5723005245F22BE000A04E7 /* LocationDetailsViewController.h */ = {isa = PBXFileReference; fileEncoding = 4; lastKnownFileType = sourcecode.c.h; path = LocationDetailsViewController.h; sourceTree = "<group>"; };
		B57C2A962476AF450047179B /* DepartureCell.h */ = {isa = PBXFileReference; lastKnownFileType = sourcecode.c.h; path = DepartureCell.h; sourceTree = "<group>"; };
		B57C2A972476AFE50047179B /* DepartureCell.mm */ = {isa = PBXFileReference; explicitFileType = sourcecode.cpp.objcpp; path = DepartureCell.mm; sourceTree = "<group>"; };
		B5AC8CAB2458CA64001D192F /* BusMonitor.app */ = {isa = PBXFileReference; explicitFileType = wrapper.application; includeInIndex = 0; path = BusMonitor.app; sourceTree = BUILT_PRODUCTS_DIR; };
		B5AC8CAE2458CA64001D192F /* AppDelegate.h */ = {isa = PBXFileReference; lastKnownFileType = sourcecode.c.h; path = AppDelegate.h; sourceTree = "<group>"; };
		B5AC8CAF2458CA64001D192F /* AppDelegate.mm */ = {isa = PBXFileReference; explicitFileType = sourcecode.cpp.objcpp; path = AppDelegate.mm; sourceTree = "<group>"; };
		B5AC8CB12458CA64001D192F /* ViewController.h */ = {isa = PBXFileReference; lastKnownFileType = sourcecode.c.h; path = ViewController.h; sourceTree = "<group>"; };
		B5AC8CB22458CA64001D192F /* ViewController.mm */ = {isa = PBXFileReference; explicitFileType = sourcecode.cpp.objcpp; path = ViewController.mm; sourceTree = "<group>"; };
		B5AC8CB52458CA64001D192F /* Base */ = {isa = PBXFileReference; lastKnownFileType = file.storyboard; name = Base; path = Base.lproj/Main.storyboard; sourceTree = "<group>"; };
		B5AC8CB72458CA65001D192F /* Assets.xcassets */ = {isa = PBXFileReference; lastKnownFileType = folder.assetcatalog; path = Assets.xcassets; sourceTree = "<group>"; };
		B5AC8CBA2458CA65001D192F /* Base */ = {isa = PBXFileReference; lastKnownFileType = file.storyboard; name = Base; path = Base.lproj/LaunchScreen.storyboard; sourceTree = "<group>"; };
		B5AC8CBC2458CA65001D192F /* Info.plist */ = {isa = PBXFileReference; lastKnownFileType = text.plist.xml; path = Info.plist; sourceTree = "<group>"; };
		B5AC8CBD2458CA65001D192F /* main.m */ = {isa = PBXFileReference; lastKnownFileType = sourcecode.c.objc; path = main.m; sourceTree = "<group>"; };
		B5AC8CC32458CA65001D192F /* BusMonitorTests.xctest */ = {isa = PBXFileReference; explicitFileType = wrapper.cfbundle; includeInIndex = 0; path = BusMonitorTests.xctest; sourceTree = BUILT_PRODUCTS_DIR; };
		B5AC8CC72458CA65001D192F /* BusMonitorTests.m */ = {isa = PBXFileReference; lastKnownFileType = sourcecode.c.objc; path = BusMonitorTests.m; sourceTree = "<group>"; };
		B5AC8CC92458CA65001D192F /* Info.plist */ = {isa = PBXFileReference; lastKnownFileType = text.plist.xml; path = Info.plist; sourceTree = "<group>"; };
		B5AC8CCE2458CA65001D192F /* BusMonitorUITests.xctest */ = {isa = PBXFileReference; explicitFileType = wrapper.cfbundle; includeInIndex = 0; path = BusMonitorUITests.xctest; sourceTree = BUILT_PRODUCTS_DIR; };
		B5AC8CD22458CA65001D192F /* BusMonitorUITests.m */ = {isa = PBXFileReference; lastKnownFileType = sourcecode.c.objc; path = BusMonitorUITests.m; sourceTree = "<group>"; };
		B5AC8CD42458CA65001D192F /* Info.plist */ = {isa = PBXFileReference; lastKnownFileType = text.plist.xml; path = Info.plist; sourceTree = "<group>"; };
		B5AC8CE42458CAAA001D192F /* BusMonitorWidget.appex */ = {isa = PBXFileReference; explicitFileType = "wrapper.app-extension"; includeInIndex = 0; path = BusMonitorWidget.appex; sourceTree = BUILT_PRODUCTS_DIR; };
		B5AC8CE62458CAAA001D192F /* NotificationCenter.framework */ = {isa = PBXFileReference; lastKnownFileType = wrapper.framework; name = NotificationCenter.framework; path = System/Library/Frameworks/NotificationCenter.framework; sourceTree = SDKROOT; };
		B5AC8CE92458CAAA001D192F /* TodayViewController.h */ = {isa = PBXFileReference; lastKnownFileType = sourcecode.c.h; path = TodayViewController.h; sourceTree = "<group>"; };
		B5AC8CEA2458CAAA001D192F /* TodayViewController.mm */ = {isa = PBXFileReference; explicitFileType = sourcecode.cpp.objcpp; path = TodayViewController.mm; sourceTree = "<group>"; };
		B5AC8CED2458CAAA001D192F /* Base */ = {isa = PBXFileReference; lastKnownFileType = file.storyboard; name = Base; path = Base.lproj/MainInterface.storyboard; sourceTree = "<group>"; };
		B5AC8CEF2458CAAA001D192F /* Info.plist */ = {isa = PBXFileReference; lastKnownFileType = text.plist.xml; path = Info.plist; sourceTree = "<group>"; };
		B5AC8CF72458CC11001D192F /* BusMonitor.entitlements */ = {isa = PBXFileReference; lastKnownFileType = text.plist.entitlements; path = BusMonitor.entitlements; sourceTree = "<group>"; };
		B5B114C2247693CA003154DD /* InsetLabel.mm */ = {isa = PBXFileReference; explicitFileType = sourcecode.cpp.objcpp; path = InsetLabel.mm; sourceTree = "<group>"; };
		B5B114C4247694FD003154DD /* InsetLabel.h */ = {isa = PBXFileReference; lastKnownFileType = sourcecode.c.h; path = InsetLabel.h; sourceTree = "<group>"; };
		B5B84E25247ABFF500C3298D /* UIKit.framework */ = {isa = PBXFileReference; lastKnownFileType = wrapper.framework; name = UIKit.framework; path = System/Library/Frameworks/UIKit.framework; sourceTree = SDKROOT; };
		B5CF3F7E245C46E20075347D /* StopLocation.mm */ = {isa = PBXFileReference; explicitFileType = sourcecode.cpp.objcpp; path = StopLocation.mm; sourceTree = "<group>"; };
		B5CF3F80245C46FF0075347D /* StopLocation.h */ = {isa = PBXFileReference; lastKnownFileType = sourcecode.c.h; path = StopLocation.h; sourceTree = "<group>"; };
		B5D36AC6246359FB00942BD2 /* FavoritesViewController.mm */ = {isa = PBXFileReference; explicitFileType = sourcecode.cpp.objcpp; path = FavoritesViewController.mm; sourceTree = "<group>"; };
		B5D36AC824635A0B00942BD2 /* FavoritesViewController.h */ = {isa = PBXFileReference; lastKnownFileType = sourcecode.c.h; path = FavoritesViewController.h; sourceTree = "<group>"; };
/* End PBXFileReference section */

/* Begin PBXFrameworksBuildPhase section */
		B5AC8CA82458CA64001D192F /* Frameworks */ = {
			isa = PBXFrameworksBuildPhase;
			buildActionMask = 2147483647;
			files = (
			);
			runOnlyForDeploymentPostprocessing = 0;
		};
		B5AC8CC02458CA65001D192F /* Frameworks */ = {
			isa = PBXFrameworksBuildPhase;
			buildActionMask = 2147483647;
			files = (
			);
			runOnlyForDeploymentPostprocessing = 0;
		};
		B5AC8CCB2458CA65001D192F /* Frameworks */ = {
			isa = PBXFrameworksBuildPhase;
			buildActionMask = 2147483647;
			files = (
			);
			runOnlyForDeploymentPostprocessing = 0;
		};
		B5AC8CE12458CAAA001D192F /* Frameworks */ = {
			isa = PBXFrameworksBuildPhase;
			buildActionMask = 2147483647;
			files = (
				B5B84E26247ABFF500C3298D /* UIKit.framework in Frameworks */,
				B5AC8CE72458CAAA001D192F /* NotificationCenter.framework in Frameworks */,
			);
			runOnlyForDeploymentPostprocessing = 0;
		};
/* End PBXFrameworksBuildPhase section */

/* Begin PBXGroup section */
		B5AC8CA22458CA64001D192F = {
			isa = PBXGroup;
			children = (
				B5AC8CAD2458CA64001D192F /* BusMonitor */,
				B5AC8CC62458CA65001D192F /* BusMonitorTests */,
				B5AC8CD12458CA65001D192F /* BusMonitorUITests */,
				B5AC8CE82458CAAA001D192F /* BusMonitorWidget */,
				B5AC8CE52458CAAA001D192F /* Frameworks */,
				B5AC8CAC2458CA64001D192F /* Products */,
			);
			sourceTree = "<group>";
		};
		B5AC8CAC2458CA64001D192F /* Products */ = {
			isa = PBXGroup;
			children = (
				B5AC8CAB2458CA64001D192F /* BusMonitor.app */,
				B5AC8CC32458CA65001D192F /* BusMonitorTests.xctest */,
				B5AC8CCE2458CA65001D192F /* BusMonitorUITests.xctest */,
				B5AC8CE42458CAAA001D192F /* BusMonitorWidget.appex */,
			);
			name = Products;
			sourceTree = "<group>";
		};
		B5AC8CAD2458CA64001D192F /* BusMonitor */ = {
			isa = PBXGroup;
			children = (
				B5B114C1247693AE003154DD /* UIHelpers */,
				B5723005245F22BE000A04E7 /* LocationDetailsViewController.h */,
				B5723004245F22BE000A04E7 /* LocationDetailsViewController.mm */,
				B5AC8CF72458CC11001D192F /* BusMonitor.entitlements */,
				B5AC8CAE2458CA64001D192F /* AppDelegate.h */,
				B5AC8CAF2458CA64001D192F /* AppDelegate.mm */,
				B5AC8CB12458CA64001D192F /* ViewController.h */,
				B5AC8CB22458CA64001D192F /* ViewController.mm */,
				B5AC8CB42458CA64001D192F /* Main.storyboard */,
				B5AC8CB72458CA65001D192F /* Assets.xcassets */,
				B5AC8CB92458CA65001D192F /* LaunchScreen.storyboard */,
				B5AC8CBC2458CA65001D192F /* Info.plist */,
				B5AC8CBD2458CA65001D192F /* main.m */,
				B525C9172458DEE60052B4E4 /* MonitorWrapper.h */,
				B525C9182458DEE70052B4E4 /* MonitorWrapper.mm */,
				B5CF3F80245C46FF0075347D /* StopLocation.h */,
				B5CF3F7E245C46E20075347D /* StopLocation.mm */,
				B56181DB2466C39500AA222E /* Departure.h */,
				B56181D92466C37B00AA222E /* Departure.mm */,
				B5D36AC824635A0B00942BD2 /* FavoritesViewController.h */,
				B5D36AC6246359FB00942BD2 /* FavoritesViewController.mm */,
				B57C2A962476AF450047179B /* DepartureCell.h */,
				B57C2A972476AFE50047179B /* DepartureCell.mm */,
			);
			path = BusMonitor;
			sourceTree = "<group>";
		};
		B5AC8CC62458CA65001D192F /* BusMonitorTests */ = {
			isa = PBXGroup;
			children = (
				B5AC8CC72458CA65001D192F /* BusMonitorTests.m */,
				B5AC8CC92458CA65001D192F /* Info.plist */,
			);
			path = BusMonitorTests;
			sourceTree = "<group>";
		};
		B5AC8CD12458CA65001D192F /* BusMonitorUITests */ = {
			isa = PBXGroup;
			children = (
				B5AC8CD22458CA65001D192F /* BusMonitorUITests.m */,
				B5AC8CD42458CA65001D192F /* Info.plist */,
			);
			path = BusMonitorUITests;
			sourceTree = "<group>";
		};
		B5AC8CE52458CAAA001D192F /* Frameworks */ = {
			isa = PBXGroup;
			children = (
				B5B84E25247ABFF500C3298D /* UIKit.framework */,
				B5AC8CE62458CAAA001D192F /* NotificationCenter.framework */,
			);
			name = Frameworks;
			sourceTree = "<group>";
		};
		B5AC8CE82458CAAA001D192F /* BusMonitorWidget */ = {
			isa = PBXGroup;
			children = (
				B547DE382458D2FF0039F6B3 /* BusMonitorWidget.entitlements */,
				B5AC8CE92458CAAA001D192F /* TodayViewController.h */,
				B5AC8CEA2458CAAA001D192F /* TodayViewController.mm */,
				B5AC8CEC2458CAAA001D192F /* MainInterface.storyboard */,
				B5AC8CEF2458CAAA001D192F /* Info.plist */,
			);
			path = BusMonitorWidget;
			sourceTree = "<group>";
		};
		B5B114C1247693AE003154DD /* UIHelpers */ = {
			isa = PBXGroup;
			children = (
				B5B114C4247694FD003154DD /* InsetLabel.h */,
				B5B114C2247693CA003154DD /* InsetLabel.mm */,
			);
			path = UIHelpers;
			sourceTree = "<group>";
		};
/* End PBXGroup section */

/* Begin PBXNativeTarget section */
		B5AC8CAA2458CA64001D192F /* BusMonitor */ = {
			isa = PBXNativeTarget;
			buildConfigurationList = B5AC8CD72458CA65001D192F /* Build configuration list for PBXNativeTarget "BusMonitor" */;
			buildPhases = (
				B5AC8CA72458CA64001D192F /* Sources */,
				B5AC8CA82458CA64001D192F /* Frameworks */,
				B5AC8CA92458CA64001D192F /* Resources */,
				B5AC8CF62458CAAA001D192F /* Embed App Extensions */,
			);
			buildRules = (
			);
			dependencies = (
				B5AC8CF12458CAAA001D192F /* PBXTargetDependency */,
			);
			name = BusMonitor;
			productName = BusMonitor;
			productReference = B5AC8CAB2458CA64001D192F /* BusMonitor.app */;
			productType = "com.apple.product-type.application";
		};
		B5AC8CC22458CA65001D192F /* BusMonitorTests */ = {
			isa = PBXNativeTarget;
			buildConfigurationList = B5AC8CDA2458CA65001D192F /* Build configuration list for PBXNativeTarget "BusMonitorTests" */;
			buildPhases = (
				B5AC8CBF2458CA65001D192F /* Sources */,
				B5AC8CC02458CA65001D192F /* Frameworks */,
				B5AC8CC12458CA65001D192F /* Resources */,
			);
			buildRules = (
			);
			dependencies = (
				B5AC8CC52458CA65001D192F /* PBXTargetDependency */,
			);
			name = BusMonitorTests;
			productName = BusMonitorTests;
			productReference = B5AC8CC32458CA65001D192F /* BusMonitorTests.xctest */;
			productType = "com.apple.product-type.bundle.unit-test";
		};
		B5AC8CCD2458CA65001D192F /* BusMonitorUITests */ = {
			isa = PBXNativeTarget;
			buildConfigurationList = B5AC8CDD2458CA65001D192F /* Build configuration list for PBXNativeTarget "BusMonitorUITests" */;
			buildPhases = (
				B5AC8CCA2458CA65001D192F /* Sources */,
				B5AC8CCB2458CA65001D192F /* Frameworks */,
				B5AC8CCC2458CA65001D192F /* Resources */,
			);
			buildRules = (
			);
			dependencies = (
				B5AC8CD02458CA65001D192F /* PBXTargetDependency */,
			);
			name = BusMonitorUITests;
			productName = BusMonitorUITests;
			productReference = B5AC8CCE2458CA65001D192F /* BusMonitorUITests.xctest */;
			productType = "com.apple.product-type.bundle.ui-testing";
		};
		B5AC8CE32458CAAA001D192F /* BusMonitorWidget */ = {
			isa = PBXNativeTarget;
			buildConfigurationList = B5AC8CF32458CAAA001D192F /* Build configuration list for PBXNativeTarget "BusMonitorWidget" */;
			buildPhases = (
				B5AC8CE02458CAAA001D192F /* Sources */,
				B5AC8CE12458CAAA001D192F /* Frameworks */,
				B5AC8CE22458CAAA001D192F /* Resources */,
			);
			buildRules = (
			);
			dependencies = (
			);
			name = BusMonitorWidget;
			productName = BusMonitorWidget;
			productReference = B5AC8CE42458CAAA001D192F /* BusMonitorWidget.appex */;
			productType = "com.apple.product-type.app-extension";
		};
/* End PBXNativeTarget section */

/* Begin PBXProject section */
		B5AC8CA32458CA64001D192F /* Project object */ = {
			isa = PBXProject;
			attributes = {
				LastUpgradeCheck = 1010;
				ORGANIZATIONNAME = "Love Mowitz";
				TargetAttributes = {
					B5AC8CAA2458CA64001D192F = {
						CreatedOnToolsVersion = 10.1;
						SystemCapabilities = {
							com.apple.ApplicationGroups.iOS = {
								enabled = 1;
							};
						};
					};
					B5AC8CC22458CA65001D192F = {
						CreatedOnToolsVersion = 10.1;
						TestTargetID = B5AC8CAA2458CA64001D192F;
					};
					B5AC8CCD2458CA65001D192F = {
						CreatedOnToolsVersion = 10.1;
						TestTargetID = B5AC8CAA2458CA64001D192F;
					};
					B5AC8CE32458CAAA001D192F = {
						CreatedOnToolsVersion = 10.1;
						SystemCapabilities = {
							com.apple.ApplicationGroups.iOS = {
								enabled = 1;
							};
						};
					};
				};
			};
			buildConfigurationList = B5AC8CA62458CA64001D192F /* Build configuration list for PBXProject "BusMonitor" */;
			compatibilityVersion = "Xcode 9.3";
			developmentRegion = en;
			hasScannedForEncodings = 0;
			knownRegions = (
				en,
				Base,
			);
			mainGroup = B5AC8CA22458CA64001D192F;
			productRefGroup = B5AC8CAC2458CA64001D192F /* Products */;
			projectDirPath = "";
			projectRoot = "";
			targets = (
				B5AC8CAA2458CA64001D192F /* BusMonitor */,
				B5AC8CC22458CA65001D192F /* BusMonitorTests */,
				B5AC8CCD2458CA65001D192F /* BusMonitorUITests */,
				B5AC8CE32458CAAA001D192F /* BusMonitorWidget */,
			);
		};
/* End PBXProject section */

/* Begin PBXResourcesBuildPhase section */
		B5AC8CA92458CA64001D192F /* Resources */ = {
			isa = PBXResourcesBuildPhase;
			buildActionMask = 2147483647;
			files = (
				B5F44487245F21BF00160CEA /* Main.storyboard in Resources */,
				B5AC8CBB2458CA65001D192F /* LaunchScreen.storyboard in Resources */,
				B5AC8CB82458CA65001D192F /* Assets.xcassets in Resources */,
			);
			runOnlyForDeploymentPostprocessing = 0;
		};
		B5AC8CC12458CA65001D192F /* Resources */ = {
			isa = PBXResourcesBuildPhase;
			buildActionMask = 2147483647;
			files = (
			);
			runOnlyForDeploymentPostprocessing = 0;
		};
		B5AC8CCC2458CA65001D192F /* Resources */ = {
			isa = PBXResourcesBuildPhase;
			buildActionMask = 2147483647;
			files = (
			);
			runOnlyForDeploymentPostprocessing = 0;
		};
		B5AC8CE22458CAAA001D192F /* Resources */ = {
			isa = PBXResourcesBuildPhase;
			buildActionMask = 2147483647;
			files = (
				B504D8EE247A8D9B000C83F6 /* Assets.xcassets in Resources */,
				B5AC8CEE2458CAAA001D192F /* MainInterface.storyboard in Resources */,
			);
			runOnlyForDeploymentPostprocessing = 0;
		};
/* End PBXResourcesBuildPhase section */

/* Begin PBXSourcesBuildPhase section */
		B5AC8CA72458CA64001D192F /* Sources */ = {
			isa = PBXSourcesBuildPhase;
			buildActionMask = 2147483647;
			files = (
				B5AC8CB32458CA64001D192F /* ViewController.mm in Sources */,
				B5AC8CBE2458CA65001D192F /* main.m in Sources */,
				B5B114C3247693CA003154DD /* InsetLabel.mm in Sources */,
				B56181DA2466C37B00AA222E /* Departure.mm in Sources */,
				B5D36AC7246359FB00942BD2 /* FavoritesViewController.mm in Sources */,
				B5723006245F22BF000A04E7 /* LocationDetailsViewController.mm in Sources */,
				B57C2A982476AFE50047179B /* DepartureCell.mm in Sources */,
				B5CF3F7F245C46E20075347D /* StopLocation.mm in Sources */,
				B525C9192458DEE70052B4E4 /* MonitorWrapper.mm in Sources */,
				B5AC8CB02458CA64001D192F /* AppDelegate.mm in Sources */,
			);
			runOnlyForDeploymentPostprocessing = 0;
		};
		B5AC8CBF2458CA65001D192F /* Sources */ = {
			isa = PBXSourcesBuildPhase;
			buildActionMask = 2147483647;
			files = (
				B5AC8CC82458CA65001D192F /* BusMonitorTests.m in Sources */,
			);
			runOnlyForDeploymentPostprocessing = 0;
		};
		B5AC8CCA2458CA65001D192F /* Sources */ = {
			isa = PBXSourcesBuildPhase;
			buildActionMask = 2147483647;
			files = (
				B5AC8CD32458CA65001D192F /* BusMonitorUITests.m in Sources */,
			);
			runOnlyForDeploymentPostprocessing = 0;
		};
		B5AC8CE02458CAAA001D192F /* Sources */ = {
			isa = PBXSourcesBuildPhase;
			buildActionMask = 2147483647;
			files = (
				B54F639D247A5E1000E7BD91 /* Departure.mm in Sources */,
				B5B84E24247ABD4500C3298D /* DepartureCell.mm in Sources */,
				B54F639B247A5E0700E7BD91 /* MonitorWrapper.mm in Sources */,
				B5AC8CEB2458CAAA001D192F /* TodayViewController.mm in Sources */,
				B5B84E27247AC35B00C3298D /* InsetLabel.mm in Sources */,
				B54F639C247A5E0D00E7BD91 /* StopLocation.mm in Sources */,
			);
			runOnlyForDeploymentPostprocessing = 0;
		};
/* End PBXSourcesBuildPhase section */

/* Begin PBXTargetDependency section */
		B5AC8CC52458CA65001D192F /* PBXTargetDependency */ = {
			isa = PBXTargetDependency;
			target = B5AC8CAA2458CA64001D192F /* BusMonitor */;
			targetProxy = B5AC8CC42458CA65001D192F /* PBXContainerItemProxy */;
		};
		B5AC8CD02458CA65001D192F /* PBXTargetDependency */ = {
			isa = PBXTargetDependency;
			target = B5AC8CAA2458CA64001D192F /* BusMonitor */;
			targetProxy = B5AC8CCF2458CA65001D192F /* PBXContainerItemProxy */;
		};
		B5AC8CF12458CAAA001D192F /* PBXTargetDependency */ = {
			isa = PBXTargetDependency;
			target = B5AC8CE32458CAAA001D192F /* BusMonitorWidget */;
			targetProxy = B5AC8CF02458CAAA001D192F /* PBXContainerItemProxy */;
		};
/* End PBXTargetDependency section */

/* Begin PBXVariantGroup section */
		B5AC8CB42458CA64001D192F /* Main.storyboard */ = {
			isa = PBXVariantGroup;
			children = (
				B5AC8CB52458CA64001D192F /* Base */,
			);
			name = Main.storyboard;
			sourceTree = "<group>";
		};
		B5AC8CB92458CA65001D192F /* LaunchScreen.storyboard */ = {
			isa = PBXVariantGroup;
			children = (
				B5AC8CBA2458CA65001D192F /* Base */,
			);
			name = LaunchScreen.storyboard;
			sourceTree = "<group>";
		};
		B5AC8CEC2458CAAA001D192F /* MainInterface.storyboard */ = {
			isa = PBXVariantGroup;
			children = (
				B5AC8CED2458CAAA001D192F /* Base */,
			);
			name = MainInterface.storyboard;
			sourceTree = "<group>";
		};
/* End PBXVariantGroup section */

/* Begin XCBuildConfiguration section */
		B5AC8CD52458CA65001D192F /* Debug */ = {
			isa = XCBuildConfiguration;
			buildSettings = {
				ALWAYS_SEARCH_USER_PATHS = NO;
				CLANG_ANALYZER_NONNULL = YES;
				CLANG_ANALYZER_NUMBER_OBJECT_CONVERSION = YES_AGGRESSIVE;
				CLANG_CXX_LANGUAGE_STANDARD = "gnu++14";
				CLANG_CXX_LIBRARY = "libc++";
				CLANG_ENABLE_MODULES = YES;
				CLANG_ENABLE_OBJC_ARC = YES;
				CLANG_ENABLE_OBJC_WEAK = YES;
				CLANG_WARN_BLOCK_CAPTURE_AUTORELEASING = YES;
				CLANG_WARN_BOOL_CONVERSION = YES;
				CLANG_WARN_COMMA = YES;
				CLANG_WARN_CONSTANT_CONVERSION = YES;
				CLANG_WARN_DEPRECATED_OBJC_IMPLEMENTATIONS = YES;
				CLANG_WARN_DIRECT_OBJC_ISA_USAGE = YES_ERROR;
				CLANG_WARN_DOCUMENTATION_COMMENTS = YES;
				CLANG_WARN_EMPTY_BODY = YES;
				CLANG_WARN_ENUM_CONVERSION = YES;
				CLANG_WARN_INFINITE_RECURSION = YES;
				CLANG_WARN_INT_CONVERSION = YES;
				CLANG_WARN_NON_LITERAL_NULL_CONVERSION = YES;
				CLANG_WARN_OBJC_IMPLICIT_RETAIN_SELF = YES;
				CLANG_WARN_OBJC_LITERAL_CONVERSION = YES;
				CLANG_WARN_OBJC_ROOT_CLASS = YES_ERROR;
				CLANG_WARN_RANGE_LOOP_ANALYSIS = YES;
				CLANG_WARN_STRICT_PROTOTYPES = YES;
				CLANG_WARN_SUSPICIOUS_MOVE = YES;
				CLANG_WARN_UNGUARDED_AVAILABILITY = YES_AGGRESSIVE;
				CLANG_WARN_UNREACHABLE_CODE = YES;
				CLANG_WARN__DUPLICATE_METHOD_MATCH = YES;
				CODE_SIGN_IDENTITY = "iPhone Developer";
				COPY_PHASE_STRIP = NO;
				DEBUG_INFORMATION_FORMAT = dwarf;
				ENABLE_STRICT_OBJC_MSGSEND = YES;
				ENABLE_TESTABILITY = YES;
				GCC_C_LANGUAGE_STANDARD = gnu11;
				GCC_DYNAMIC_NO_PIC = NO;
				GCC_NO_COMMON_BLOCKS = YES;
				GCC_OPTIMIZATION_LEVEL = 0;
				GCC_PREPROCESSOR_DEFINITIONS = (
					"DEBUG=1",
					"$(inherited)",
				);
				GCC_WARN_64_TO_32_BIT_CONVERSION = YES;
				GCC_WARN_ABOUT_RETURN_TYPE = YES_ERROR;
				GCC_WARN_UNDECLARED_SELECTOR = YES;
				GCC_WARN_UNINITIALIZED_AUTOS = YES_AGGRESSIVE;
				GCC_WARN_UNUSED_FUNCTION = YES;
				GCC_WARN_UNUSED_VARIABLE = YES;
				IPHONEOS_DEPLOYMENT_TARGET = 12.1;
				MTL_ENABLE_DEBUG_INFO = INCLUDE_SOURCE;
				MTL_FAST_MATH = YES;
				ONLY_ACTIVE_ARCH = YES;
				SDKROOT = iphoneos;
			};
			name = Debug;
		};
		B5AC8CD62458CA65001D192F /* Release */ = {
			isa = XCBuildConfiguration;
			buildSettings = {
				ALWAYS_SEARCH_USER_PATHS = NO;
				CLANG_ANALYZER_NONNULL = YES;
				CLANG_ANALYZER_NUMBER_OBJECT_CONVERSION = YES_AGGRESSIVE;
				CLANG_CXX_LANGUAGE_STANDARD = "gnu++14";
				CLANG_CXX_LIBRARY = "libc++";
				CLANG_ENABLE_MODULES = YES;
				CLANG_ENABLE_OBJC_ARC = YES;
				CLANG_ENABLE_OBJC_WEAK = YES;
				CLANG_WARN_BLOCK_CAPTURE_AUTORELEASING = YES;
				CLANG_WARN_BOOL_CONVERSION = YES;
				CLANG_WARN_COMMA = YES;
				CLANG_WARN_CONSTANT_CONVERSION = YES;
				CLANG_WARN_DEPRECATED_OBJC_IMPLEMENTATIONS = YES;
				CLANG_WARN_DIRECT_OBJC_ISA_USAGE = YES_ERROR;
				CLANG_WARN_DOCUMENTATION_COMMENTS = YES;
				CLANG_WARN_EMPTY_BODY = YES;
				CLANG_WARN_ENUM_CONVERSION = YES;
				CLANG_WARN_INFINITE_RECURSION = YES;
				CLANG_WARN_INT_CONVERSION = YES;
				CLANG_WARN_NON_LITERAL_NULL_CONVERSION = YES;
				CLANG_WARN_OBJC_IMPLICIT_RETAIN_SELF = YES;
				CLANG_WARN_OBJC_LITERAL_CONVERSION = YES;
				CLANG_WARN_OBJC_ROOT_CLASS = YES_ERROR;
				CLANG_WARN_RANGE_LOOP_ANALYSIS = YES;
				CLANG_WARN_STRICT_PROTOTYPES = YES;
				CLANG_WARN_SUSPICIOUS_MOVE = YES;
				CLANG_WARN_UNGUARDED_AVAILABILITY = YES_AGGRESSIVE;
				CLANG_WARN_UNREACHABLE_CODE = YES;
				CLANG_WARN__DUPLICATE_METHOD_MATCH = YES;
				CODE_SIGN_IDENTITY = "iPhone Developer";
				COPY_PHASE_STRIP = NO;
				DEBUG_INFORMATION_FORMAT = "dwarf-with-dsym";
				ENABLE_NS_ASSERTIONS = NO;
				ENABLE_STRICT_OBJC_MSGSEND = YES;
				GCC_C_LANGUAGE_STANDARD = gnu11;
				GCC_NO_COMMON_BLOCKS = YES;
				GCC_WARN_64_TO_32_BIT_CONVERSION = YES;
				GCC_WARN_ABOUT_RETURN_TYPE = YES_ERROR;
				GCC_WARN_UNDECLARED_SELECTOR = YES;
				GCC_WARN_UNINITIALIZED_AUTOS = YES_AGGRESSIVE;
				GCC_WARN_UNUSED_FUNCTION = YES;
				GCC_WARN_UNUSED_VARIABLE = YES;
				IPHONEOS_DEPLOYMENT_TARGET = 12.1;
				MTL_ENABLE_DEBUG_INFO = NO;
				MTL_FAST_MATH = YES;
				SDKROOT = iphoneos;
				VALIDATE_PRODUCT = YES;
			};
			name = Release;
		};
		B5AC8CD82458CA65001D192F /* Debug */ = {
			isa = XCBuildConfiguration;
			buildSettings = {
				ASSETCATALOG_COMPILER_APPICON_NAME = AppIcon;
				CODE_SIGN_ENTITLEMENTS = BusMonitor/BusMonitor.entitlements;
				CODE_SIGN_STYLE = Automatic;
				DEVELOPMENT_TEAM = TLMP25Q7PR;
				INFOPLIST_FILE = BusMonitor/Info.plist;
				LD_RUNPATH_SEARCH_PATHS = (
					"$(inherited)",
					"@executable_path/Frameworks",
				);
				PRODUCT_BUNDLE_IDENTIFIER = loveMowitz.BusMonitor;
				PRODUCT_NAME = "$(TARGET_NAME)";
				TARGETED_DEVICE_FAMILY = "1,2";
			};
			name = Debug;
		};
		B5AC8CD92458CA65001D192F /* Release */ = {
			isa = XCBuildConfiguration;
			buildSettings = {
				ASSETCATALOG_COMPILER_APPICON_NAME = AppIcon;
				CODE_SIGN_ENTITLEMENTS = BusMonitor/BusMonitor.entitlements;
				CODE_SIGN_STYLE = Automatic;
				DEVELOPMENT_TEAM = TLMP25Q7PR;
				INFOPLIST_FILE = BusMonitor/Info.plist;
				LD_RUNPATH_SEARCH_PATHS = (
					"$(inherited)",
					"@executable_path/Frameworks",
				);
				PRODUCT_BUNDLE_IDENTIFIER = loveMowitz.BusMonitor;
				PRODUCT_NAME = "$(TARGET_NAME)";
				TARGETED_DEVICE_FAMILY = "1,2";
			};
			name = Release;
		};
		B5AC8CDB2458CA65001D192F /* Debug */ = {
			isa = XCBuildConfiguration;
			buildSettings = {
				BUNDLE_LOADER = "$(TEST_HOST)";
				CODE_SIGN_STYLE = Automatic;
				DEVELOPMENT_TEAM = TLMP25Q7PR;
				INFOPLIST_FILE = BusMonitorTests/Info.plist;
				LD_RUNPATH_SEARCH_PATHS = (
					"$(inherited)",
					"@executable_path/Frameworks",
					"@loader_path/Frameworks",
				);
				PRODUCT_BUNDLE_IDENTIFIER = loveMowitz.BusMonitorTests;
				PRODUCT_NAME = "$(TARGET_NAME)";
				TARGETED_DEVICE_FAMILY = "1,2";
				TEST_HOST = "$(BUILT_PRODUCTS_DIR)/BusMonitor.app/BusMonitor";
			};
			name = Debug;
		};
		B5AC8CDC2458CA65001D192F /* Release */ = {
			isa = XCBuildConfiguration;
			buildSettings = {
				BUNDLE_LOADER = "$(TEST_HOST)";
				CODE_SIGN_STYLE = Automatic;
				DEVELOPMENT_TEAM = TLMP25Q7PR;
				INFOPLIST_FILE = BusMonitorTests/Info.plist;
				LD_RUNPATH_SEARCH_PATHS = (
					"$(inherited)",
					"@executable_path/Frameworks",
					"@loader_path/Frameworks",
				);
				PRODUCT_BUNDLE_IDENTIFIER = loveMowitz.BusMonitorTests;
				PRODUCT_NAME = "$(TARGET_NAME)";
				TARGETED_DEVICE_FAMILY = "1,2";
				TEST_HOST = "$(BUILT_PRODUCTS_DIR)/BusMonitor.app/BusMonitor";
			};
			name = Release;
		};
		B5AC8CDE2458CA65001D192F /* Debug */ = {
			isa = XCBuildConfiguration;
			buildSettings = {
				CODE_SIGN_STYLE = Automatic;
				DEVELOPMENT_TEAM = TLMP25Q7PR;
				INFOPLIST_FILE = BusMonitorUITests/Info.plist;
				LD_RUNPATH_SEARCH_PATHS = (
					"$(inherited)",
					"@executable_path/Frameworks",
					"@loader_path/Frameworks",
				);
				PRODUCT_BUNDLE_IDENTIFIER = loveMowitz.BusMonitorUITests;
				PRODUCT_NAME = "$(TARGET_NAME)";
				TARGETED_DEVICE_FAMILY = "1,2";
				TEST_TARGET_NAME = BusMonitor;
			};
			name = Debug;
		};
		B5AC8CDF2458CA65001D192F /* Release */ = {
			isa = XCBuildConfiguration;
			buildSettings = {
				CODE_SIGN_STYLE = Automatic;
				DEVELOPMENT_TEAM = TLMP25Q7PR;
				INFOPLIST_FILE = BusMonitorUITests/Info.plist;
				LD_RUNPATH_SEARCH_PATHS = (
					"$(inherited)",
					"@executable_path/Frameworks",
					"@loader_path/Frameworks",
				);
				PRODUCT_BUNDLE_IDENTIFIER = loveMowitz.BusMonitorUITests;
				PRODUCT_NAME = "$(TARGET_NAME)";
				TARGETED_DEVICE_FAMILY = "1,2";
				TEST_TARGET_NAME = BusMonitor;
			};
			name = Release;
		};
		B5AC8CF42458CAAA001D192F /* Debug */ = {
			isa = XCBuildConfiguration;
			buildSettings = {
				CODE_SIGN_ENTITLEMENTS = BusMonitorWidget/BusMonitorWidget.entitlements;
				CODE_SIGN_STYLE = Automatic;
				DEVELOPMENT_TEAM = TLMP25Q7PR;
				INFOPLIST_FILE = BusMonitorWidget/Info.plist;
				LD_RUNPATH_SEARCH_PATHS = (
					"$(inherited)",
					"@executable_path/Frameworks",
					"@executable_path/../../Frameworks",
				);
				PRODUCT_BUNDLE_IDENTIFIER = loveMowitz.BusMonitor.BusMonitorWidget;
				PRODUCT_NAME = "$(TARGET_NAME)";
				SKIP_INSTALL = YES;
				TARGETED_DEVICE_FAMILY = "1,2";
			};
			name = Debug;
		};
		B5AC8CF52458CAAA001D192F /* Release */ = {
			isa = XCBuildConfiguration;
			buildSettings = {
				CODE_SIGN_ENTITLEMENTS = BusMonitorWidget/BusMonitorWidget.entitlements;
				CODE_SIGN_STYLE = Automatic;
				DEVELOPMENT_TEAM = TLMP25Q7PR;
				INFOPLIST_FILE = BusMonitorWidget/Info.plist;
				LD_RUNPATH_SEARCH_PATHS = (
					"$(inherited)",
					"@executable_path/Frameworks",
					"@executable_path/../../Frameworks",
				);
				PRODUCT_BUNDLE_IDENTIFIER = loveMowitz.BusMonitor.BusMonitorWidget;
				PRODUCT_NAME = "$(TARGET_NAME)";
				SKIP_INSTALL = YES;
				TARGETED_DEVICE_FAMILY = "1,2";
			};
			name = Release;
		};
/* End XCBuildConfiguration section */

/* Begin XCConfigurationList section */
		B5AC8CA62458CA64001D192F /* Build configuration list for PBXProject "BusMonitor" */ = {
			isa = XCConfigurationList;
			buildConfigurations = (
				B5AC8CD52458CA65001D192F /* Debug */,
				B5AC8CD62458CA65001D192F /* Release */,
			);
			defaultConfigurationIsVisible = 0;
			defaultConfigurationName = Release;
		};
		B5AC8CD72458CA65001D192F /* Build configuration list for PBXNativeTarget "BusMonitor" */ = {
			isa = XCConfigurationList;
			buildConfigurations = (
				B5AC8CD82458CA65001D192F /* Debug */,
				B5AC8CD92458CA65001D192F /* Release */,
			);
			defaultConfigurationIsVisible = 0;
			defaultConfigurationName = Release;
		};
		B5AC8CDA2458CA65001D192F /* Build configuration list for PBXNativeTarget "BusMonitorTests" */ = {
			isa = XCConfigurationList;
			buildConfigurations = (
				B5AC8CDB2458CA65001D192F /* Debug */,
				B5AC8CDC2458CA65001D192F /* Release */,
			);
			defaultConfigurationIsVisible = 0;
			defaultConfigurationName = Release;
		};
		B5AC8CDD2458CA65001D192F /* Build configuration list for PBXNativeTarget "BusMonitorUITests" */ = {
			isa = XCConfigurationList;
			buildConfigurations = (
				B5AC8CDE2458CA65001D192F /* Debug */,
				B5AC8CDF2458CA65001D192F /* Release */,
			);
			defaultConfigurationIsVisible = 0;
			defaultConfigurationName = Release;
		};
		B5AC8CF32458CAAA001D192F /* Build configuration list for PBXNativeTarget "BusMonitorWidget" */ = {
			isa = XCConfigurationList;
			buildConfigurations = (
				B5AC8CF42458CAAA001D192F /* Debug */,
				B5AC8CF52458CAAA001D192F /* Release */,
			);
			defaultConfigurationIsVisible = 0;
			defaultConfigurationName = Release;
		};
/* End XCConfigurationList section */
	};
	rootObject = B5AC8CA32458CA64001D192F /* Project object */;
}
